
Microsoft Visual Studio Solution File, Format Version 12.00
# Visual Studio 14
VisualStudioVersion = 14.0.23107.0
MinimumVisualStudioVersion = 10.0.40219.1
Project("{FAE04EC0-301F-11D3-BF4B-00C04F79EFBC}") = "SynchBox-Client", "SynchBox-Client\SynchBox-Client.csproj", "{65DF9442-3180-4128-8E07-FFF7DDD91A14}"
EndProject
Project("{FAE04EC0-301F-11D3-BF4B-00C04F79EFBC}") = "SyncBox-Server", "SyncBox-Server\SyncBox-Server.csproj", "{F3625690-2AF6-40CE-B943-48793C8E7B4D}"
EndProject
Project("{2150E333-8FDC-42A3-9474-1A3956D46DE8}") = "Solution Items", "Solution Items", "{FE0013D0-459D-4AB9-9EAA-F8674AA43E04}"
	ProjectSection(SolutionItems) = preProject
		specifiche.txt = specifiche.txt
	EndProjectSection
EndProject
Global
	GlobalSection(SolutionConfigurationPlatforms) = preSolution
		Debug|Any CPU = Debug|Any CPU
		Release|Any CPU = Release|Any CPU
	EndGlobalSection
	GlobalSection(ProjectConfigurationPlatforms) = postSolution
		{65DF9442-3180-4128-8E07-FFF7DDD91A14}.Debug|Any CPU.ActiveCfg = Debug|Any CPU
		{65DF9442-3180-4128-8E07-FFF7DDD91A14}.Debug|Any CPU.Build.0 = Debug|Any CPU
		{65DF9442-3180-4128-8E07-FFF7DDD91A14}.Release|Any CPU.ActiveCfg = Release|Any CPU
		{65DF9442-3180-4128-8E07-FFF7DDD91A14}.Release|Any CPU.Build.0 = Release|Any CPU
		{F3625690-2AF6-40CE-B943-48793C8E7B4D}.Debug|Any CPU.ActiveCfg = Debug|Any CPU
		{F3625690-2AF6-40CE-B943-48793C8E7B4D}.Debug|Any CPU.Build.0 = Debug|Any CPU
		{F3625690-2AF6-40CE-B943-48793C8E7B4D}.Release|Any CPU.ActiveCfg = Release|Any CPU
		{F3625690-2AF6-40CE-B943-48793C8E7B4D}.Release|Any CPU.Build.0 = Release|Any CPU
	EndGlobalSection
	GlobalSection(SolutionProperties) = preSolution
		HideSolutionNode = FALSE
	EndGlobalSection
	GlobalSection(TeamFoundationVersionControl) = preSolution
		SccNumberOfProjects = 2
		SccEnterpriseProvider = {4CA58AB2-18FA-4F8D-95D4-32DDF27D184C}
		SccTeamFoundationServer = https://bertrone.visualstudio.com/defaultcollection
		SccProjectUniqueName0 = SynchBox-Client\\SynchBox-Client.csproj
		SccProjectName0 = SynchBox-Client
		SccAuxPath0 = https://bertrone.visualstudio.com/defaultcollection
		SccLocalPath0 = SynchBox-Client
		SccProvider0 = {4CA58AB2-18FA-4F8D-95D4-32DDF27D184C}
		SccProjectUniqueName1 = SyncBox-Server\\SyncBox-Server.csproj
		SccProjectName1 = SyncBox-Server
		SccAuxPath1 = https://bertrone.visualstudio.com/defaultcollection
		SccLocalPath1 = SyncBox-Server
		SccProvider1 = {4CA58AB2-18FA-4F8D-95D4-32DDF27D184C}
	EndGlobalSection
EndGlobal
