
Microsoft Visual Studio Solution File, Format Version 12.00
# Visual Studio 2013
VisualStudioVersion = 12.0.21005.1
MinimumVisualStudioVersion = 10.0.40219.1
Project("{FAE04EC0-301F-11D3-BF4B-00C04F79EFBC}") = "SynchBox-Client", "SynchBox-Client\SynchBox-Client.csproj", "{65DF9442-3180-4128-8E07-FFF7DDD91A14}"
EndProject
Global
	GlobalSection(TeamFoundationVersionControl) = preSolution
		SccNumberOfProjects = 2
		SccEnterpriseProvider = {4CA58AB2-18FA-4F8D-95D4-32DDF27D184C}
		SccTeamFoundationServer = https://bertrone.visualstudio.com/defaultcollection
		SccLocalPath0 = .
		SccProjectUniqueName1 = SynchBox-Client\\SynchBox-Client.csproj
		SccProjectName1 = SynchBox-Client
		SccLocalPath1 = SynchBox-Client
	EndGlobalSection
	GlobalSection(SolutionConfigurationPlatforms) = preSolution
		Debug|Any CPU = Debug|Any CPU
		Release|Any CPU = Release|Any CPU
	EndGlobalSection
	GlobalSection(ProjectConfigurationPlatforms) = postSolution
		{65DF9442-3180-4128-8E07-FFF7DDD91A14}.Debug|Any CPU.ActiveCfg = Debug|Any CPU
		{65DF9442-3180-4128-8E07-FFF7DDD91A14}.Debug|Any CPU.Build.0 = Debug|Any CPU
		{65DF9442-3180-4128-8E07-FFF7DDD91A14}.Release|Any CPU.ActiveCfg = Release|Any CPU
		{65DF9442-3180-4128-8E07-FFF7DDD91A14}.Release|Any CPU.Build.0 = Release|Any CPU
	EndGlobalSection
	GlobalSection(SolutionProperties) = preSolution
		HideSolutionNode = FALSE
	EndGlobalSection
EndGlobal
